
Microsoft Visual Studio Solution File, Format Version 12.00
# Visual Studio Version 16
VisualStudioVersion = 16.0.31613.86
MinimumVisualStudioVersion = 10.0.40219.1
Project("{FAE04EC0-301F-11D3-BF4B-00C04F79EFBC}") = "WebpToPngConverter", "WebpToPngConverter\WebpToPngConverter.csproj", "{BDFC0A54-EB32-4B6C-9826-9742F0D57514}"
EndProject
Project("{FAE04EC0-301F-11D3-BF4B-00C04F79EFBC}") = "Test", "Test\Test.csproj", "{1D457998-6E37-4362-8535-5590FC2179BF}"
EndProject
Global
	GlobalSection(SolutionConfigurationPlatforms) = preSolution
		Debug|Any CPU = Debug|Any CPU
		Release|Any CPU = Release|Any CPU
	EndGlobalSection
	GlobalSection(ProjectConfigurationPlatforms) = postSolution
		{BDFC0A54-EB32-4B6C-9826-9742F0D57514}.Debug|Any CPU.ActiveCfg = Debug|Any CPU
		{BDFC0A54-EB32-4B6C-9826-9742F0D57514}.Debug|Any CPU.Build.0 = Debug|Any CPU
		{BDFC0A54-EB32-4B6C-9826-9742F0D57514}.Release|Any CPU.ActiveCfg = Release|Any CPU
		{BDFC0A54-EB32-4B6C-9826-9742F0D57514}.Release|Any CPU.Build.0 = Release|Any CPU
		{1D457998-6E37-4362-8535-5590FC2179BF}.Debug|Any CPU.ActiveCfg = Debug|Any CPU
		{1D457998-6E37-4362-8535-5590FC2179BF}.Debug|Any CPU.Build.0 = Debug|Any CPU
		{1D457998-6E37-4362-8535-5590FC2179BF}.Release|Any CPU.ActiveCfg = Release|Any CPU
		{1D457998-6E37-4362-8535-5590FC2179BF}.Release|Any CPU.Build.0 = Release|Any CPU
	EndGlobalSection
	GlobalSection(SolutionProperties) = preSolution
		HideSolutionNode = FALSE
	EndGlobalSection
	GlobalSection(ExtensibilityGlobals) = postSolution
		SolutionGuid = {5430A807-65AA-41EB-ABC6-076046B9713A}
	EndGlobalSection
EndGlobal
