
Microsoft Visual Studio Solution File, Format Version 12.00
# Visual Studio Version 16
VisualStudioVersion = 16.0.31613.86
MinimumVisualStudioVersion = 10.0.40219.1
Project("{FAE04EC0-301F-11D3-BF4B-00C04F79EFBC}") = "PlaceholderTextBox", "PlaceholderTextBox\PlaceholderTextBox.csproj", "{FFA14BE1-235F-4EB3-9A47-861DF3FC7309}"
EndProject
Global
	GlobalSection(SolutionConfigurationPlatforms) = preSolution
		Debug|Any CPU = Debug|Any CPU
		Release|Any CPU = Release|Any CPU
	EndGlobalSection
	GlobalSection(ProjectConfigurationPlatforms) = postSolution
		{FFA14BE1-235F-4EB3-9A47-861DF3FC7309}.Debug|Any CPU.ActiveCfg = Debug|Any CPU
		{FFA14BE1-235F-4EB3-9A47-861DF3FC7309}.Debug|Any CPU.Build.0 = Debug|Any CPU
		{FFA14BE1-235F-4EB3-9A47-861DF3FC7309}.Release|Any CPU.ActiveCfg = Release|Any CPU
		{FFA14BE1-235F-4EB3-9A47-861DF3FC7309}.Release|Any CPU.Build.0 = Release|Any CPU
	EndGlobalSection
	GlobalSection(SolutionProperties) = preSolution
		HideSolutionNode = FALSE
	EndGlobalSection
	GlobalSection(ExtensibilityGlobals) = postSolution
		SolutionGuid = {0E84DEAC-C92C-4D1C-8FC4-3CEC656691D4}
	EndGlobalSection
EndGlobal
