
Microsoft Visual Studio Solution File, Format Version 12.00
# Visual Studio Version 17
VisualStudioVersion = 17.2.32602.215
MinimumVisualStudioVersion = 10.0.40219.1
Project("{FAE04EC0-301F-11D3-BF4B-00C04F79EFBC}") = "SnakeGame", "SnakeGame\SnakeGame.csproj", "{83602959-43FC-4B32-AD70-8FFBB27E02A2}"
EndProject
Global
	GlobalSection(SolutionConfigurationPlatforms) = preSolution
		Debug|Any CPU = Debug|Any CPU
		Release|Any CPU = Release|Any CPU
	EndGlobalSection
	GlobalSection(ProjectConfigurationPlatforms) = postSolution
		{83602959-43FC-4B32-AD70-8FFBB27E02A2}.Debug|Any CPU.ActiveCfg = Debug|Any CPU
		{83602959-43FC-4B32-AD70-8FFBB27E02A2}.Debug|Any CPU.Build.0 = Debug|Any CPU
		{83602959-43FC-4B32-AD70-8FFBB27E02A2}.Release|Any CPU.ActiveCfg = Release|Any CPU
		{83602959-43FC-4B32-AD70-8FFBB27E02A2}.Release|Any CPU.Build.0 = Release|Any CPU
	EndGlobalSection
	GlobalSection(SolutionProperties) = preSolution
		HideSolutionNode = FALSE
	EndGlobalSection
	GlobalSection(ExtensibilityGlobals) = postSolution
		SolutionGuid = {9311E19C-8354-416F-A842-FE0806E1CAD2}
	EndGlobalSection
EndGlobal
